
Microsoft Visual Studio Solution File, Format Version 12.00
# Visual Studio 14
VisualStudioVersion = 14.0.25420.1
MinimumVisualStudioVersion = 10.0.40219.1
Project("{FAE04EC0-301F-11D3-BF4B-00C04F79EFBC}") = "GiftLibrary", "GiftLibrary\GiftLibrary.csproj", "{C2213ECB-8ADC-4013-B210-8CF60CEFB782}"
EndProject
Project("{FAE04EC0-301F-11D3-BF4B-00C04F79EFBC}") = "ЛБ4", "ЛБ4\ЛБ4.csproj", "{4B520AD7-02CF-4E9A-B1FE-2BFE645F05A0}"
EndProject
Global
	GlobalSection(SolutionConfigurationPlatforms) = preSolution
		Debug|Any CPU = Debug|Any CPU
		Release|Any CPU = Release|Any CPU
	EndGlobalSection
	GlobalSection(ProjectConfigurationPlatforms) = postSolution
		{C2213ECB-8ADC-4013-B210-8CF60CEFB782}.Debug|Any CPU.ActiveCfg = Debug|Any CPU
		{C2213ECB-8ADC-4013-B210-8CF60CEFB782}.Debug|Any CPU.Build.0 = Debug|Any CPU
		{C2213ECB-8ADC-4013-B210-8CF60CEFB782}.Release|Any CPU.ActiveCfg = Release|Any CPU
		{C2213ECB-8ADC-4013-B210-8CF60CEFB782}.Release|Any CPU.Build.0 = Release|Any CPU
		{4B520AD7-02CF-4E9A-B1FE-2BFE645F05A0}.Debug|Any CPU.ActiveCfg = Debug|Any CPU
		{4B520AD7-02CF-4E9A-B1FE-2BFE645F05A0}.Debug|Any CPU.Build.0 = Debug|Any CPU
		{4B520AD7-02CF-4E9A-B1FE-2BFE645F05A0}.Release|Any CPU.ActiveCfg = Release|Any CPU
		{4B520AD7-02CF-4E9A-B1FE-2BFE645F05A0}.Release|Any CPU.Build.0 = Release|Any CPU
	EndGlobalSection
	GlobalSection(SolutionProperties) = preSolution
		HideSolutionNode = FALSE
	EndGlobalSection
EndGlobal
